github.com/dhconnelly/docgo v0.0.0-20150110143410-5e9cb528655b h1:dw5wlQvAtqEZrGdp8IGM3rbxcKrqO15Ddui3/IhSspw=
github.com/dhconnelly/docgo v0.0.0-20150110143410-5e9cb528655b/go.mod h1:MArnPVS0CZ2pB+jP7bSNyYlyzAUnnduuA0MVdKJ5bJI=
github.com/dhconnelly/litebrite v0.0.0-20121210220017-74b227723203 h1:Ugw0c29AxSoXwVxqsHuReuerFXgwWivsyy1w4oFUB5s=
github.com/dhconnelly/litebrite v0.0.0-20121210220017-74b227723203/go.mod h1:sOAhcfs5ejQ6CPfVyarDyvznx1sM0bLndPKfsu21+NU=
github.com/russross/blackfriday v1.6.0 h1:KqfZb0pUVN2lYqZUYRddxF4OR8ZMURnJIG5Y3VRLtww=
github.com/russross/blackfriday v1.6.0/go.mod h1:ti0ldHuxg49ri4ksnFxlkCfN+hvslNlmVHqNRXXJNAY=
